
Microsoft Visual Studio Solution File, Format Version 12.00
# Visual Studio Version 16
VisualStudioVersion = 16.0.31624.102
MinimumVisualStudioVersion = 10.0.40219.1
Project("{FAE04EC0-301F-11D3-BF4B-00C04F79EFBC}") = "TodoPro", "TodoPro\TodoPro.csproj", "{066D5141-4133-4FF4-A712-57762B1C0035}"
EndProject
Project("{FAE04EC0-301F-11D3-BF4B-00C04F79EFBC}") = "TodoProCore", "TodoProCore\TodoProCore.csproj", "{75E571C6-266E-4B1C-B127-6BFA66158086}"
EndProject
Project("{FAE04EC0-301F-11D3-BF4B-00C04F79EFBC}") = "TodoProInfrastructure", "TodoProInfrastructure\TodoProInfrastructure.csproj", "{1EC872EF-53DB-47E2-B1A5-C6F48DA92EB2}"
EndProject
Global
	GlobalSection(SolutionConfigurationPlatforms) = preSolution
		Debug|Any CPU = Debug|Any CPU
		Release|Any CPU = Release|Any CPU
	EndGlobalSection
	GlobalSection(ProjectConfigurationPlatforms) = postSolution
		{066D5141-4133-4FF4-A712-57762B1C0035}.Debug|Any CPU.ActiveCfg = Debug|Any CPU
		{066D5141-4133-4FF4-A712-57762B1C0035}.Debug|Any CPU.Build.0 = Debug|Any CPU
		{066D5141-4133-4FF4-A712-57762B1C0035}.Release|Any CPU.ActiveCfg = Release|Any CPU
		{066D5141-4133-4FF4-A712-57762B1C0035}.Release|Any CPU.Build.0 = Release|Any CPU
		{75E571C6-266E-4B1C-B127-6BFA66158086}.Debug|Any CPU.ActiveCfg = Debug|Any CPU
		{75E571C6-266E-4B1C-B127-6BFA66158086}.Debug|Any CPU.Build.0 = Debug|Any CPU
		{75E571C6-266E-4B1C-B127-6BFA66158086}.Release|Any CPU.ActiveCfg = Release|Any CPU
		{75E571C6-266E-4B1C-B127-6BFA66158086}.Release|Any CPU.Build.0 = Release|Any CPU
		{1EC872EF-53DB-47E2-B1A5-C6F48DA92EB2}.Debug|Any CPU.ActiveCfg = Debug|Any CPU
		{1EC872EF-53DB-47E2-B1A5-C6F48DA92EB2}.Debug|Any CPU.Build.0 = Debug|Any CPU
		{1EC872EF-53DB-47E2-B1A5-C6F48DA92EB2}.Release|Any CPU.ActiveCfg = Release|Any CPU
		{1EC872EF-53DB-47E2-B1A5-C6F48DA92EB2}.Release|Any CPU.Build.0 = Release|Any CPU
	EndGlobalSection
	GlobalSection(SolutionProperties) = preSolution
		HideSolutionNode = FALSE
	EndGlobalSection
	GlobalSection(ExtensibilityGlobals) = postSolution
		SolutionGuid = {AE19218B-87C1-4F85-8D14-7EBC22C16443}
	EndGlobalSection
EndGlobal
